// !$*UTF8*$!
{
	archiveVersion = 1;
	classes = {
	};
	objectVersion = 46;
	objects = {

/* Begin PBXBuildFile section */
		96B0746E1D862D880041782A /* PlaySoundsViewController+Audio.swift in Sources */ = {isa = PBXBuildFile; fileRef = 96B0746D1D862D880041782A /* PlaySoundsViewController+Audio.swift */; };
		96B0746C1D862BED0041782A /* PlaySoundsViewController+Audio.swift in Sources */ = {isa = PBXBuildFile; fileRef = 96B0746B1D862BED0041782A /* PlaySoundsViewController+Audio.swift */; };
		96F5F43F1D84C4E700AF0DFD /* AppDelegate.swift in Sources */ = {isa = PBXBuildFile; fileRef = 96F5F43E1D84C4E700AF0DFD /* AppDelegate.swift */; };
		96F5F4411D84C4E700AF0DFD /* ViewController.swift in Sources */ = {isa = PBXBuildFile; fileRef = 96F5F4401D84C4E700AF0DFD /* ViewController.swift */; };
		96F5F4441D84C4E700AF0DFD /* Main.storyboard in Resources */ = {isa = PBXBuildFile; fileRef = 96F5F4421D84C4E700AF0DFD /* Main.storyboard */; };
		96F5F4461D84C4E700AF0DFD /* Assets.xcassets in Resources */ = {isa = PBXBuildFile; fileRef = 96F5F4451D84C4E700AF0DFD /* Assets.xcassets */; };
		96F5F4491D84C4E700AF0DFD /* LaunchScreen.storyboard in Resources */ = {isa = PBXBuildFile; fileRef = 96F5F4471D84C4E700AF0DFD /* LaunchScreen.storyboard */; };
		96F5F4A41D84D55F00AF0DFD /* RecordSoundsViewController.swift in Sources */ = {isa = PBXBuildFile; fileRef = 96F5F4A31D84D55F00AF0DFD /* RecordSoundsViewController.swift */; };
		96F5F4A51D84D55F00AF0DFD /* RecordSoundsViewController.swift in Sources */ = {isa = PBXBuildFile; fileRef = 96F5F4A31D84D55F00AF0DFD /* RecordSoundsViewController.swift */; };
		96F5F4A61D84D55F00AF0DFD /* RecordSoundsViewController.swift in Sources */ = {isa = PBXBuildFile; fileRef = 96F5F4A31D84D55F00AF0DFD /* RecordSoundsViewController.swift */; };
		96F5F4AC1D84DAC900AF0DFD /* PlaySoundsViewController.swift in Sources */ = {isa = PBXBuildFile; fileRef = 96F5F4AB1D84DAC900AF0DFD /* PlaySoundsViewController.swift */; };
		96F5F4AD1D84DAC900AF0DFD /* PlaySoundsViewController.swift in Sources */ = {isa = PBXBuildFile; fileRef = 96F5F4AB1D84DAC900AF0DFD /* PlaySoundsViewController.swift */; };
		96F5F4AE1D84DAC900AF0DFD /* PlaySoundsViewController.swift in Sources */ = {isa = PBXBuildFile; fileRef = 96F5F4AB1D84DAC900AF0DFD /* PlaySoundsViewController.swift */; };
/* End PBXBuildFile section */

/* Begin PBXContainerItemProxy section */
		96F5F4501D84C4E700AF0DFD /* PBXContainerItemProxy */ = {
			isa = PBXContainerItemProxy;
			containerPortal = 96F5F4331D84C4E600AF0DFD /* Project object */;
			proxyType = 1;
			remoteGlobalIDString = 96F5F43A1D84C4E600AF0DFD;
			remoteInfo = "Pitch Perfect";
		};
		96F5F45B1D84C4E700AF0DFD /* PBXContainerItemProxy */ = {
			isa = PBXContainerItemProxy;
			containerPortal = 96F5F4331D84C4E600AF0DFD /* Project object */;
			proxyType = 1;
			remoteGlobalIDString = 96F5F43A1D84C4E600AF0DFD;
			remoteInfo = "Pitch Perfect";
		};
/* End PBXContainerItemProxy section */

/* Begin PBXFileReference section */
		96B0746D1D862D880041782A /* PlaySoundsViewController+Audio.swift */ = {isa = PBXFileReference; fileEncoding = 4; lastKnownFileType = sourcecode.swift; path = "PlaySoundsViewController+Audio.swift"; sourceTree = "<group>"; };
		96B074781D865B600041782A /* Pitch Perfect.app */ = {isa = PBXFileReference; explicitFileType = wrapper.application; includeInIndex = 0; path = "Pitch Perfect.app"; sourceTree = BUILT_PRODUCTS_DIR; };
		96B074791D865B600041782A /* Pitch PerfectTests.xctest */ = {isa = PBXFileReference; explicitFileType = wrapper.cfbundle; includeInIndex = 0; name = "Pitch PerfectTests.xctest"; path = "/Users/jason/Documents/Udacity Projects Final/Pitch Perfect/build/Debug-iphoneos/Pitch PerfectTests.xctest"; sourceTree = "<absolute>"; };
		96B0747A1D865B600041782A /* Pitch PerfectUITests.xctest */ = {isa = PBXFileReference; explicitFileType = wrapper.cfbundle; includeInIndex = 0; name = "Pitch PerfectUITests.xctest"; path = "/Users/jason/Documents/Udacity Projects Final/Pitch Perfect/build/Debug-iphoneos/Pitch PerfectUITests.xctest"; sourceTree = "<absolute>"; };
		967A9ECE1D84F43700F18D31 /* PlaySoundsViewController+Audio.swift */ = {isa = PBXFileReference; fileEncoding = 4; lastKnownFileType = sourcecode.swift; path = "PlaySoundsViewController+Audio.swift"; sourceTree = "<group>"; };
		96F5F43B1D84C4E600AF0DFD /* Pitch Perfect.app */ = {isa = PBXFileReference; explicitFileType = wrapper.application; includeInIndex = 0; path = "Pitch Perfect.app"; sourceTree = BUILT_PRODUCTS_DIR; };
		96B0746B1D862BED0041782A /* PlaySoundsViewController+Audio.swift */ = {isa = PBXFileReference; fileEncoding = 4; lastKnownFileType = sourcecode.swift; path = "PlaySoundsViewController+Audio.swift"; sourceTree = "<group>"; };
		96B074751D865B040041782A /* Pitch Perfect.app */ = {isa = PBXFileReference; explicitFileType = wrapper.application; includeInIndex = 0; path = "Pitch Perfect.app"; sourceTree = BUILT_PRODUCTS_DIR; };
		96B074761D865B040041782A /* Pitch PerfectTests.xctest */ = {isa = PBXFileReference; explicitFileType = wrapper.cfbundle; includeInIndex = 0; name = "Pitch PerfectTests.xctest"; path = "/Users/jason/Documents/Udacity Projects Final/Pitch Perfect/build/Debug-iphoneos/Pitch PerfectTests.xctest"; sourceTree = "<absolute>"; };
		96B074771D865B040041782A /* Pitch PerfectUITests.xctest */ = {isa = PBXFileReference; explicitFileType = wrapper.cfbundle; includeInIndex = 0; name = "Pitch PerfectUITests.xctest"; path = "/Users/jason/Documents/Udacity Projects Final/Pitch Perfect/build/Debug-iphoneos/Pitch PerfectUITests.xctest"; sourceTree = "<absolute>"; };
		96F5F43E1D84C4E700AF0DFD /* AppDelegate.swift */ = {isa = PBXFileReference; lastKnownFileType = sourcecode.swift; path = AppDelegate.swift; sourceTree = "<group>"; };
		96F5F4401D84C4E700AF0DFD /* ViewController.swift */ = {isa = PBXFileReference; lastKnownFileType = sourcecode.swift; path = ViewController.swift; sourceTree = "<group>"; };
		96F5F4431D84C4E700AF0DFD /* Base */ = {isa = PBXFileReference; lastKnownFileType = file.storyboard; name = Base; path = Base.lproj/Main.storyboard; sourceTree = "<group>"; };
		96F5F4451D84C4E700AF0DFD /* Assets.xcassets */ = {isa = PBXFileReference; lastKnownFileType = folder.assetcatalog; path = Assets.xcassets; sourceTree = "<group>"; };
		96F5F4481D84C4E700AF0DFD /* Base */ = {isa = PBXFileReference; lastKnownFileType = file.storyboard; name = Base; path = Base.lproj/LaunchScreen.storyboard; sourceTree = "<group>"; };
		96F5F44A1D84C4E700AF0DFD /* Info.plist */ = {isa = PBXFileReference; lastKnownFileType = text.plist.xml; path = Info.plist; sourceTree = "<group>"; };
		96F5F4A31D84D55F00AF0DFD /* RecordSoundsViewController.swift */ = {isa = PBXFileReference; fileEncoding = 4; lastKnownFileType = sourcecode.swift; path = RecordSoundsViewController.swift; sourceTree = "<group>"; };
		96F5F4AB1D84DAC900AF0DFD /* PlaySoundsViewController.swift */ = {isa = PBXFileReference; fileEncoding = 4; lastKnownFileType = sourcecode.swift; path = PlaySoundsViewController.swift; sourceTree = "<group>"; };
/* End PBXFileReference section */

/* Begin PBXFrameworksBuildPhase section */
		96F5F4381D84C4E600AF0DFD /* Frameworks */ = {
			isa = PBXFrameworksBuildPhase;
			buildActionMask = 2147483647;
			files = (
			);
			runOnlyForDeploymentPostprocessing = 0;
		};
		96F5F44C1D84C4E700AF0DFD /* Frameworks */ = {
			isa = PBXFrameworksBuildPhase;
			buildActionMask = 2147483647;
			files = (
			);
			runOnlyForDeploymentPostprocessing = 0;
		};
		96F5F4571D84C4E700AF0DFD /* Frameworks */ = {
			isa = PBXFrameworksBuildPhase;
			buildActionMask = 2147483647;
			files = (
			);
			runOnlyForDeploymentPostprocessing = 0;
		};
/* End PBXFrameworksBuildPhase section */

/* Begin PBXGroup section */
		96F5F4321D84C4E600AF0DFD = {
			isa = PBXGroup;
			children = (
				96F5F43D1D84C4E700AF0DFD /* Pitch Perfect */,
				96B074781D865B600041782A /* Pitch Perfect.app */,
				96F5F4521D84C4E700AF0DFD /* Pitch PerfectTests */,
				96F5F45D1D84C4E700AF0DFD /* Pitch PerfectUITests */,
				96F5F43C1D84C4E600AF0DFD /* Products */,
				96B074751D865B040041782A /* Pitch Perfect.app */,
			);
			sourceTree = "<group>";
		};
		96F5F43D1D84C4E700AF0DFD /* Pitch Perfect */ = {
			isa = PBXGroup;
			children = (
				96B0746D1D862D880041782A /* PlaySoundsViewController+Audio.swift */,
				96B0746B1D862BED0041782A /* PlaySoundsViewController+Audio.swift */,
				96F5F43E1D84C4E700AF0DFD /* AppDelegate.swift */,
				96F5F4401D84C4E700AF0DFD /* ViewController.swift */,
				96F5F4A31D84D55F00AF0DFD /* RecordSoundsViewController.swift */,
				96F5F4421D84C4E700AF0DFD /* Main.storyboard */,
				96F5F4AB1D84DAC900AF0DFD /* PlaySoundsViewController.swift */,
				96F5F4451D84C4E700AF0DFD /* Assets.xcassets */,
				96F5F4471D84C4E700AF0DFD /* LaunchScreen.storyboard */,
				96F5F44A1D84C4E700AF0DFD /* Info.plist */,
			);
			path = "Pitch Perfect";
			sourceTree = "<group>";
		};
/* End PBXGroup section */

/* Begin PBXNativeTarget section */
		96F5F43A1D84C4E600AF0DFD /* Pitch Perfect */ = {
			isa = PBXNativeTarget;
			buildConfigurationList = 96F5F4631D84C4E700AF0DFD /* Build configuration list for PBXNativeTarget "Pitch Perfect" */;
			buildPhases = (
				96F5F4371D84C4E600AF0DFD /* Sources */,
				96F5F4381D84C4E600AF0DFD /* Frameworks */,
				96F5F4391D84C4E600AF0DFD /* Resources */,
			);
			buildRules = (
			);
			dependencies = (
			);
			name = "Pitch Perfect";
			productName = "Pitch Perfect";
			productReference = 96B074781D865B600041782A /* Pitch Perfect.app */;
			productReference = 96F5F43B1D84C4E600AF0DFD /* Pitch Perfect.app */;
			productReference = 96B074751D865B040041782A /* Pitch Perfect.app */;
			productType = "com.apple.product-type.application";
		};
		96F5F44E1D84C4E700AF0DFD /* Pitch PerfectTests */ = {
			isa = PBXNativeTarget;
			buildConfigurationList = 96F5F4661D84C4E700AF0DFD /* Build configuration list for PBXNativeTarget "Pitch PerfectTests" */;
			buildPhases = (
				96F5F44B1D84C4E700AF0DFD /* Sources */,
				96F5F44C1D84C4E700AF0DFD /* Frameworks */,
				96F5F44D1D84C4E700AF0DFD /* Resources */,
			);
			buildRules = (
			);
			dependencies = (
				96F5F4511D84C4E700AF0DFD /* PBXTargetDependency */,
			);
			name = "Pitch PerfectTests";
			productName = "Pitch PerfectTests";
			productReference = 96B074791D865B600041782A /* Pitch PerfectTests.xctest */;
			productReference = 96F5F44F1D84C4E700AF0DFD /* Pitch PerfectTests.xctest */;
			productReference = 96B074761D865B040041782A /* Pitch PerfectTests.xctest */;
			productType = "com.apple.product-type.bundle.unit-test";
		};
		96F5F4591D84C4E700AF0DFD /* Pitch PerfectUITests */ = {
			isa = PBXNativeTarget;
			buildConfigurationList = 96F5F4691D84C4E700AF0DFD /* Build configuration list for PBXNativeTarget "Pitch PerfectUITests" */;
			buildPhases = (
				96F5F4561D84C4E700AF0DFD /* Sources */,
				96F5F4571D84C4E700AF0DFD /* Frameworks */,
				96F5F4581D84C4E700AF0DFD /* Resources */,
			);
			buildRules = (
			);
			dependencies = (
				96F5F45C1D84C4E700AF0DFD /* PBXTargetDependency */,
			);
			name = "Pitch PerfectUITests";
			productName = "Pitch PerfectUITests";
			productReference = 96B0747A1D865B600041782A /* Pitch PerfectUITests.xctest */;
			productReference = 96F5F45A1D84C4E700AF0DFD /* Pitch PerfectUITests.xctest */;
			productReference = 96B074771D865B040041782A /* Pitch PerfectUITests.xctest */;
			productType = "com.apple.product-type.bundle.ui-testing";
		};
/* End PBXNativeTarget section */

/* Begin PBXProject section */
		96F5F4331D84C4E600AF0DFD /* Project object */ = {
			isa = PBXProject;
			attributes = {
				LastSwiftUpdateCheck = 0730;
				LastUpgradeCheck = 0730;
				ORGANIZATIONNAME = "Jason Waldroup";
				TargetAttributes = {
					96F5F43A1D84C4E600AF0DFD = {
						CreatedOnToolsVersion = 7.3.1;
						DevelopmentTeam = MFUPWSUCH3;
					};
					96F5F44E1D84C4E700AF0DFD = {
						CreatedOnToolsVersion = 7.3.1;
						DevelopmentTeam = MFUPWSUCH3;
						TestTargetID = 96F5F43A1D84C4E600AF0DFD;
					};
					96F5F4591D84C4E700AF0DFD = {
						CreatedOnToolsVersion = 7.3.1;
						DevelopmentTeam = MFUPWSUCH3;
						TestTargetID = 96F5F43A1D84C4E600AF0DFD;
					};
				};
			};
			buildConfigurationList = 96F5F4361D84C4E600AF0DFD /* Build configuration list for PBXProject "Pitch Perfect" */;
			compatibilityVersion = "Xcode 3.2";
			developmentRegion = English;
			hasScannedForEncodings = 0;
			knownRegions = (
				en,
				Base,
			);
			mainGroup = 96F5F4321D84C4E600AF0DFD;
			productRefGroup = 96F5F4321D84C4E600AF0DFD;
			projectDirPath = "";
			projectRoot = "";
			targets = (
				96F5F43A1D84C4E600AF0DFD /* Pitch Perfect */,
				96F5F44E1D84C4E700AF0DFD /* Pitch PerfectTests */,
				96F5F4591D84C4E700AF0DFD /* Pitch PerfectUITests */,
			);
		};
/* End PBXProject section */

/* Begin PBXResourcesBuildPhase section */
		96F5F4391D84C4E600AF0DFD /* Resources */ = {
			isa = PBXResourcesBuildPhase;
			buildActionMask = 2147483647;
			files = (
				96F5F4491D84C4E700AF0DFD /* LaunchScreen.storyboard in Resources */,
				96F5F4461D84C4E700AF0DFD /* Assets.xcassets in Resources */,
				96F5F4441D84C4E700AF0DFD /* Main.storyboard in Resources */,
			);
			runOnlyForDeploymentPostprocessing = 0;
		};
		96F5F44D1D84C4E700AF0DFD /* Resources */ = {
			isa = PBXResourcesBuildPhase;
			buildActionMask = 2147483647;
			files = (
			);
			runOnlyForDeploymentPostprocessing = 0;
		};
		96F5F4581D84C4E700AF0DFD /* Resources */ = {
			isa = PBXResourcesBuildPhase;
			buildActionMask = 2147483647;
			files = (
			);
			runOnlyForDeploymentPostprocessing = 0;
		};
/* End PBXResourcesBuildPhase section */

/* Begin PBXSourcesBuildPhase section */
		96F5F4371D84C4E600AF0DFD /* Sources */ = {
			isa = PBXSourcesBuildPhase;
			buildActionMask = 2147483647;
			files = (
				96B0746E1D862D880041782A /* PlaySoundsViewController+Audio.swift in Sources */,
				96F5F4A81D84DA1100AF0DFD /* RecordedAudio.swift in Sources */,
				967A9ECF1D84F43700F18D31 /* PlaySoundsViewController+Audio.swift in Sources */,
				96B0746C1D862BED0041782A /* PlaySoundsViewController+Audio.swift in Sources */,
				96F5F4A41D84D55F00AF0DFD /* RecordSoundsViewController.swift in Sources */,
				96F5F4411D84C4E700AF0DFD /* ViewController.swift in Sources */,
				96F5F4AC1D84DAC900AF0DFD /* PlaySoundsViewController.swift in Sources */,
				96F5F43F1D84C4E700AF0DFD /* AppDelegate.swift in Sources */,
			);
			runOnlyForDeploymentPostprocessing = 0;
		};
		96F5F44B1D84C4E700AF0DFD /* Sources */ = {
			isa = PBXSourcesBuildPhase;
			buildActionMask = 2147483647;
			files = (
				96F5F4A51D84D55F00AF0DFD /* RecordSoundsViewController.swift in Sources */,
				96F5F4AD1D84DAC900AF0DFD /* PlaySoundsViewController.swift in Sources */,
			);
			runOnlyForDeploymentPostprocessing = 0;
		};
		96F5F4561D84C4E700AF0DFD /* Sources */ = {
			isa = PBXSourcesBuildPhase;
			buildActionMask = 2147483647;
			files = (
				96F5F4A61D84D55F00AF0DFD /* RecordSoundsViewController.swift in Sources */,
				96F5F4AE1D84DAC900AF0DFD /* PlaySoundsViewController.swift in Sources */,
			);
			runOnlyForDeploymentPostprocessing = 0;
		};
/* End PBXSourcesBuildPhase section */

/* Begin PBXTargetDependency section */
		96F5F4511D84C4E700AF0DFD /* PBXTargetDependency */ = {
			isa = PBXTargetDependency;
			target = 96F5F43A1D84C4E600AF0DFD /* Pitch Perfect */;
			targetProxy = 96F5F4501D84C4E700AF0DFD /* PBXContainerItemProxy */;
		};
		96F5F45C1D84C4E700AF0DFD /* PBXTargetDependency */ = {
			isa = PBXTargetDependency;
			target = 96F5F43A1D84C4E600AF0DFD /* Pitch Perfect */;
			targetProxy = 96F5F45B1D84C4E700AF0DFD /* PBXContainerItemProxy */;
		};
/* End PBXTargetDependency section */

/* Begin PBXVariantGroup section */
		96F5F4421D84C4E700AF0DFD /* Main.storyboard */ = {
			isa = PBXVariantGroup;
			children = (
				96F5F4431D84C4E700AF0DFD /* Base */,
			);
			name = Main.storyboard;
			sourceTree = "<group>";
		};
		96F5F4471D84C4E700AF0DFD /* LaunchScreen.storyboard */ = {
			isa = PBXVariantGroup;
			children = (
				96F5F4481D84C4E700AF0DFD /* Base */,
			);
			name = LaunchScreen.storyboard;
			sourceTree = "<group>";
		};
/* End PBXVariantGroup section */

/* Begin XCBuildConfiguration section */
		96F5F4611D84C4E700AF0DFD /* Debug */ = {
			isa = XCBuildConfiguration;
			buildSettings = {
				ALWAYS_SEARCH_USER_PATHS = NO;
				CLANG_ANALYZER_NONNULL = YES;
				CLANG_CXX_LANGUAGE_STANDARD = "gnu++0x";
				CLANG_CXX_LIBRARY = "libc++";
				CLANG_ENABLE_MODULES = YES;
				CLANG_ENABLE_OBJC_ARC = YES;
				CLANG_WARN_BOOL_CONVERSION = YES;
				CLANG_WARN_CONSTANT_CONVERSION = YES;
				CLANG_WARN_DIRECT_OBJC_ISA_USAGE = YES_ERROR;
				CLANG_WARN_EMPTY_BODY = YES;
				CLANG_WARN_ENUM_CONVERSION = YES;
				CLANG_WARN_INT_CONVERSION = YES;
				CLANG_WARN_OBJC_ROOT_CLASS = YES_ERROR;
				CLANG_WARN_UNREACHABLE_CODE = YES;
				CLANG_WARN__DUPLICATE_METHOD_MATCH = YES;
				"CODE_SIGN_IDENTITY[sdk=iphoneos*]" = "iPhone Developer";
				COPY_PHASE_STRIP = NO;
				DEBUG_INFORMATION_FORMAT = dwarf;
				ENABLE_STRICT_OBJC_MSGSEND = YES;
				ENABLE_TESTABILITY = YES;
				GCC_C_LANGUAGE_STANDARD = gnu99;
				GCC_DYNAMIC_NO_PIC = NO;
				GCC_NO_COMMON_BLOCKS = YES;
				GCC_OPTIMIZATION_LEVEL = 0;
				GCC_PREPROCESSOR_DEFINITIONS = (
					"DEBUG=1",
					"$(inherited)",
				);
				GCC_WARN_64_TO_32_BIT_CONVERSION = YES;
				GCC_WARN_ABOUT_RETURN_TYPE = YES_ERROR;
				GCC_WARN_UNDECLARED_SELECTOR = YES;
				GCC_WARN_UNINITIALIZED_AUTOS = YES_AGGRESSIVE;
				GCC_WARN_UNUSED_FUNCTION = YES;
				GCC_WARN_UNUSED_VARIABLE = YES;
				IPHONEOS_DEPLOYMENT_TARGET = 9.3;
				MTL_ENABLE_DEBUG_INFO = YES;
				ONLY_ACTIVE_ARCH = YES;
				SDKROOT = iphoneos;
				SWIFT_OPTIMIZATION_LEVEL = "-Onone";
			};
			name = Debug;
		};
		96F5F4621D84C4E700AF0DFD /* Release */ = {
			isa = XCBuildConfiguration;
			buildSettings = {
				ALWAYS_SEARCH_USER_PATHS = NO;
				CLANG_ANALYZER_NONNULL = YES;
				CLANG_CXX_LANGUAGE_STANDARD = "gnu++0x";
				CLANG_CXX_LIBRARY = "libc++";
				CLANG_ENABLE_MODULES = YES;
				CLANG_ENABLE_OBJC_ARC = YES;
				CLANG_WARN_BOOL_CONVERSION = YES;
				CLANG_WARN_CONSTANT_CONVERSION = YES;
				CLANG_WARN_DIRECT_OBJC_ISA_USAGE = YES_ERROR;
				CLANG_WARN_EMPTY_BODY = YES;
				CLANG_WARN_ENUM_CONVERSION = YES;
				CLANG_WARN_INT_CONVERSION = YES;
				CLANG_WARN_OBJC_ROOT_CLASS = YES_ERROR;
				CLANG_WARN_UNREACHABLE_CODE = YES;
				CLANG_WARN__DUPLICATE_METHOD_MATCH = YES;
				"CODE_SIGN_IDENTITY[sdk=iphoneos*]" = "iPhone Developer";
				COPY_PHASE_STRIP = NO;
				DEBUG_INFORMATION_FORMAT = "dwarf-with-dsym";
				ENABLE_NS_ASSERTIONS = NO;
				ENABLE_STRICT_OBJC_MSGSEND = YES;
				GCC_C_LANGUAGE_STANDARD = gnu99;
				GCC_NO_COMMON_BLOCKS = YES;
				GCC_WARN_64_TO_32_BIT_CONVERSION = YES;
				GCC_WARN_ABOUT_RETURN_TYPE = YES_ERROR;
				GCC_WARN_UNDECLARED_SELECTOR = YES;
				GCC_WARN_UNINITIALIZED_AUTOS = YES_AGGRESSIVE;
				GCC_WARN_UNUSED_FUNCTION = YES;
				GCC_WARN_UNUSED_VARIABLE = YES;
				IPHONEOS_DEPLOYMENT_TARGET = 9.3;
				MTL_ENABLE_DEBUG_INFO = NO;
				SDKROOT = iphoneos;
				VALIDATE_PRODUCT = YES;
			};
			name = Release;
		};
		96F5F4641D84C4E700AF0DFD /* Debug */ = {
			isa = XCBuildConfiguration;
			buildSettings = {
				ASSETCATALOG_COMPILER_APPICON_NAME = AppIcon;
				CODE_SIGN_IDENTITY = "iPhone Developer";
				"CODE_SIGN_IDENTITY[sdk=iphoneos*]" = "iPhone Developer";
				INFOPLIST_FILE = "Pitch Perfect/Info.plist";
				LD_RUNPATH_SEARCH_PATHS = "$(inherited) @executable_path/Frameworks";
				PRODUCT_BUNDLE_IDENTIFIER = "com.sdc.Pitch-Perfect";
				PRODUCT_NAME = "$(TARGET_NAME)";
				PROVISIONING_PROFILE = "";
			};
			name = Debug;
		};
		96F5F4651D84C4E700AF0DFD /* Release */ = {
			isa = XCBuildConfiguration;
			buildSettings = {
				ASSETCATALOG_COMPILER_APPICON_NAME = AppIcon;
				CODE_SIGN_IDENTITY = "iPhone Developer";
				"CODE_SIGN_IDENTITY[sdk=iphoneos*]" = "iPhone Developer";
				INFOPLIST_FILE = "Pitch Perfect/Info.plist";
				LD_RUNPATH_SEARCH_PATHS = "$(inherited) @executable_path/Frameworks";
				PRODUCT_BUNDLE_IDENTIFIER = "com.sdc.Pitch-Perfect";
				PRODUCT_NAME = "$(TARGET_NAME)";
				PROVISIONING_PROFILE = "";
			};
			name = Release;
		};
		96F5F4671D84C4E700AF0DFD /* Debug */ = {
			isa = XCBuildConfiguration;
			buildSettings = {
				BUNDLE_LOADER = "$(TEST_HOST)";
				INFOPLIST_FILE = "Pitch PerfectTests/Info.plist";
				LD_RUNPATH_SEARCH_PATHS = "$(inherited) @executable_path/Frameworks @loader_path/Frameworks";
				PRODUCT_BUNDLE_IDENTIFIER = "com.sdc.Pitch-PerfectTests";
				PRODUCT_NAME = "$(TARGET_NAME)";
				TEST_HOST = "$(BUILT_PRODUCTS_DIR)/Pitch Perfect.app/Pitch Perfect";
			};
			name = Debug;
		};
		96F5F4681D84C4E700AF0DFD /* Release */ = {
			isa = XCBuildConfiguration;
			buildSettings = {
				BUNDLE_LOADER = "$(TEST_HOST)";
				INFOPLIST_FILE = "Pitch PerfectTests/Info.plist";
				LD_RUNPATH_SEARCH_PATHS = "$(inherited) @executable_path/Frameworks @loader_path/Frameworks";
				PRODUCT_BUNDLE_IDENTIFIER = "com.sdc.Pitch-PerfectTests";
				PRODUCT_NAME = "$(TARGET_NAME)";
				TEST_HOST = "$(BUILT_PRODUCTS_DIR)/Pitch Perfect.app/Pitch Perfect";
			};
			name = Release;
		};
		96F5F46A1D84C4E700AF0DFD /* Debug */ = {
			isa = XCBuildConfiguration;
			buildSettings = {
				INFOPLIST_FILE = "Pitch PerfectUITests/Info.plist";
				LD_RUNPATH_SEARCH_PATHS = "$(inherited) @executable_path/Frameworks @loader_path/Frameworks";
				PRODUCT_BUNDLE_IDENTIFIER = "com.sdc.Pitch-PerfectUITests";
				PRODUCT_NAME = "$(TARGET_NAME)";
				TEST_TARGET_NAME = "Pitch Perfect";
			};
			name = Debug;
		};
		96F5F46B1D84C4E700AF0DFD /* Release */ = {
			isa = XCBuildConfiguration;
			buildSettings = {
				INFOPLIST_FILE = "Pitch PerfectUITests/Info.plist";
				LD_RUNPATH_SEARCH_PATHS = "$(inherited) @executable_path/Frameworks @loader_path/Frameworks";
				PRODUCT_BUNDLE_IDENTIFIER = "com.sdc.Pitch-PerfectUITests";
				PRODUCT_NAME = "$(TARGET_NAME)";
				TEST_TARGET_NAME = "Pitch Perfect";
			};
			name = Release;
		};
/* End XCBuildConfiguration section */

/* Begin XCConfigurationList section */
		96F5F4361D84C4E600AF0DFD /* Build configuration list for PBXProject "Pitch Perfect" */ = {
			isa = XCConfigurationList;
			buildConfigurations = (
				96F5F4611D84C4E700AF0DFD /* Debug */,
				96F5F4621D84C4E700AF0DFD /* Release */,
			);
			defaultConfigurationIsVisible = 0;
			defaultConfigurationName = Release;
		};
		96F5F4631D84C4E700AF0DFD /* Build configuration list for PBXNativeTarget "Pitch Perfect" */ = {
			isa = XCConfigurationList;
			buildConfigurations = (
				96F5F4641D84C4E700AF0DFD /* Debug */,
				96F5F4651D84C4E700AF0DFD /* Release */,
			);
			defaultConfigurationIsVisible = 0;
			defaultConfigurationName = Release;
		};
		96F5F4661D84C4E700AF0DFD /* Build configuration list for PBXNativeTarget "Pitch PerfectTests" */ = {
			isa = XCConfigurationList;
			buildConfigurations = (
				96F5F4671D84C4E700AF0DFD /* Debug */,
				96F5F4681D84C4E700AF0DFD /* Release */,
			);
			defaultConfigurationIsVisible = 0;
			defaultConfigurationName = Release;
		};
		96F5F4691D84C4E700AF0DFD /* Build configuration list for PBXNativeTarget "Pitch PerfectUITests" */ = {
			isa = XCConfigurationList;
			buildConfigurations = (
				96F5F46A1D84C4E700AF0DFD /* Debug */,
				96F5F46B1D84C4E700AF0DFD /* Release */,
			);
			defaultConfigurationIsVisible = 0;
			defaultConfigurationName = Release;
		};
/* End XCConfigurationList section */
	};
	rootObject = 96F5F4331D84C4E600AF0DFD /* Project object */;
}
